
Microsoft Visual Studio Solution File, Format Version 12.00
# Visual Studio Version 17
VisualStudioVersion = 17.3.32901.215
MinimumVisualStudioVersion = 10.0.40219.1
Project("{FAE04EC0-301F-11D3-BF4B-00C04F79EFBC}") = "WebApiClient", "WebApiClient\WebApiClient.csproj", "{42EC6EA3-164B-4A1B-BA56-E643CAB49928}"
EndProject
Project("{FAE04EC0-301F-11D3-BF4B-00C04F79EFBC}") = "Models.D2H", "..\API.D2H\Models.D2H\Models.D2H.csproj", "{158ABC98-FEB1-4346-B127-48ED3A7DE8D8}"
EndProject
Global
	GlobalSection(SolutionConfigurationPlatforms) = preSolution
		Debug|Any CPU = Debug|Any CPU
		Release|Any CPU = Release|Any CPU
	EndGlobalSection
	GlobalSection(ProjectConfigurationPlatforms) = postSolution
		{42EC6EA3-164B-4A1B-BA56-E643CAB49928}.Debug|Any CPU.ActiveCfg = Debug|Any CPU
		{42EC6EA3-164B-4A1B-BA56-E643CAB49928}.Debug|Any CPU.Build.0 = Debug|Any CPU
		{42EC6EA3-164B-4A1B-BA56-E643CAB49928}.Release|Any CPU.ActiveCfg = Release|Any CPU
		{42EC6EA3-164B-4A1B-BA56-E643CAB49928}.Release|Any CPU.Build.0 = Release|Any CPU
		{158ABC98-FEB1-4346-B127-48ED3A7DE8D8}.Debug|Any CPU.ActiveCfg = Debug|Any CPU
		{158ABC98-FEB1-4346-B127-48ED3A7DE8D8}.Debug|Any CPU.Build.0 = Debug|Any CPU
		{158ABC98-FEB1-4346-B127-48ED3A7DE8D8}.Release|Any CPU.ActiveCfg = Release|Any CPU
		{158ABC98-FEB1-4346-B127-48ED3A7DE8D8}.Release|Any CPU.Build.0 = Release|Any CPU
	EndGlobalSection
	GlobalSection(SolutionProperties) = preSolution
		HideSolutionNode = FALSE
	EndGlobalSection
	GlobalSection(ExtensibilityGlobals) = postSolution
		SolutionGuid = {1475E19D-3EAB-480F-AD85-5CDBA62C4A46}
	EndGlobalSection
EndGlobal
